
Microsoft Visual Studio Solution File, Format Version 12.00
# Visual Studio Version 17
VisualStudioVersion = 17.4.33122.133
MinimumVisualStudioVersion = 10.0.40219.1
Project("{FAE04EC0-301F-11D3-BF4B-00C04F79EFBC}") = "ConsoleAppSolutions", "ConsoleAppSolutions\ConsoleAppSolutions.csproj", "{55443284-57D0-4A6F-B7BA-518BFBD0A003}"
EndProject
Global
	GlobalSection(SolutionConfigurationPlatforms) = preSolution
		Debug|Any CPU = Debug|Any CPU
		Release|Any CPU = Release|Any CPU
	EndGlobalSection
	GlobalSection(ProjectConfigurationPlatforms) = postSolution
		{55443284-57D0-4A6F-B7BA-518BFBD0A003}.Debug|Any CPU.ActiveCfg = Debug|Any CPU
		{55443284-57D0-4A6F-B7BA-518BFBD0A003}.Debug|Any CPU.Build.0 = Debug|Any CPU
		{55443284-57D0-4A6F-B7BA-518BFBD0A003}.Release|Any CPU.ActiveCfg = Release|Any CPU
		{55443284-57D0-4A6F-B7BA-518BFBD0A003}.Release|Any CPU.Build.0 = Release|Any CPU
	EndGlobalSection
	GlobalSection(SolutionProperties) = preSolution
		HideSolutionNode = FALSE
	EndGlobalSection
	GlobalSection(ExtensibilityGlobals) = postSolution
		SolutionGuid = {A7C87A83-8C5F-4131-B1FD-F8CE3FD0CF9B}
	EndGlobalSection
EndGlobal
